
Microsoft Visual Studio Solution File, Format Version 12.00
# Visual Studio Version 17
VisualStudioVersion = 17.9.34607.119
MinimumVisualStudioVersion = 10.0.40219.1
Project("{9A19103F-16F7-4668-BE54-9A1E7A4F7556}") = "JPC.AmountConverter.Server", "JPC.AmountConverter.Server\JPC.AmountConverter.Server.csproj", "{05080A22-4C0B-4335-B2F8-4AA9CF2BF6D4}"
EndProject
Project("{54A90642-561A-4BB1-A94E-469ADEE60C69}") = "jpc.amountconverter.client", "jpc.amountconverter.client\jpc.amountconverter.client.esproj", "{F9163D6F-9663-4626-A108-053D3EB1C778}"
EndProject
Project("{FAE04EC0-301F-11D3-BF4B-00C04F79EFBC}") = "JPC.AmountConverter.Application", "JPC.AmountConverter.Application\JPC.AmountConverter.Application.csproj", "{240152BB-C1DE-40D5-AF18-9DBBA6411BE6}"
EndProject
Project("{FAE04EC0-301F-11D3-BF4B-00C04F79EFBC}") = "JPC.AmountConverter.Application.Shared", "JPC.AmountConverter.Application.Shared\JPC.AmountConverter.Application.Shared.csproj", "{24A3CD47-B13C-4689-9305-C0268024502F}"
EndProject
Global
	GlobalSection(SolutionConfigurationPlatforms) = preSolution
		Debug|Any CPU = Debug|Any CPU
		Release|Any CPU = Release|Any CPU
	EndGlobalSection
	GlobalSection(ProjectConfigurationPlatforms) = postSolution
		{05080A22-4C0B-4335-B2F8-4AA9CF2BF6D4}.Debug|Any CPU.ActiveCfg = Debug|Any CPU
		{05080A22-4C0B-4335-B2F8-4AA9CF2BF6D4}.Debug|Any CPU.Build.0 = Debug|Any CPU
		{05080A22-4C0B-4335-B2F8-4AA9CF2BF6D4}.Release|Any CPU.ActiveCfg = Release|Any CPU
		{05080A22-4C0B-4335-B2F8-4AA9CF2BF6D4}.Release|Any CPU.Build.0 = Release|Any CPU
		{F9163D6F-9663-4626-A108-053D3EB1C778}.Debug|Any CPU.ActiveCfg = Debug|Any CPU
		{F9163D6F-9663-4626-A108-053D3EB1C778}.Debug|Any CPU.Build.0 = Debug|Any CPU
		{F9163D6F-9663-4626-A108-053D3EB1C778}.Debug|Any CPU.Deploy.0 = Debug|Any CPU
		{F9163D6F-9663-4626-A108-053D3EB1C778}.Release|Any CPU.ActiveCfg = Release|Any CPU
		{F9163D6F-9663-4626-A108-053D3EB1C778}.Release|Any CPU.Build.0 = Release|Any CPU
		{F9163D6F-9663-4626-A108-053D3EB1C778}.Release|Any CPU.Deploy.0 = Release|Any CPU
		{240152BB-C1DE-40D5-AF18-9DBBA6411BE6}.Debug|Any CPU.ActiveCfg = Debug|Any CPU
		{240152BB-C1DE-40D5-AF18-9DBBA6411BE6}.Debug|Any CPU.Build.0 = Debug|Any CPU
		{240152BB-C1DE-40D5-AF18-9DBBA6411BE6}.Release|Any CPU.ActiveCfg = Release|Any CPU
		{240152BB-C1DE-40D5-AF18-9DBBA6411BE6}.Release|Any CPU.Build.0 = Release|Any CPU
		{24A3CD47-B13C-4689-9305-C0268024502F}.Debug|Any CPU.ActiveCfg = Debug|Any CPU
		{24A3CD47-B13C-4689-9305-C0268024502F}.Debug|Any CPU.Build.0 = Debug|Any CPU
		{24A3CD47-B13C-4689-9305-C0268024502F}.Release|Any CPU.ActiveCfg = Release|Any CPU
		{24A3CD47-B13C-4689-9305-C0268024502F}.Release|Any CPU.Build.0 = Release|Any CPU
	EndGlobalSection
	GlobalSection(SolutionProperties) = preSolution
		HideSolutionNode = FALSE
	EndGlobalSection
	GlobalSection(ExtensibilityGlobals) = postSolution
		SolutionGuid = {4B40D506-38CB-4F62-BC49-9748AE6ADFD1}
	EndGlobalSection
EndGlobal
